{
  "name": "Taskaro",
  "version": "1.0.0",
  "lockfileVersion": 1,
  "requires": true,
  "dependencies": {
    "bootstrap": {
      "version": "5.3.6",
      "resolved": "https://registry.npmjs.org/bootstrap/-/bootstrap-5.3.6.tgz",
      "integrity": "sha512-jX0GAcRzvdwISuvArXn3m7KZscWWFAf1MKBcnzaN02qWMb3jpMoUX4/qgeiGzqyIb4ojulRzs89UCUmGcFSzTA=="
    },
    "material-design-icons": {
      "version": "3.0.1",
      "resolved": "https://registry.npmjs.org/material-design-icons/-/material-design-icons-3.0.1.tgz",
      "integrity": "sha512-t19Z+QZBwSZulxptEu05kIm+UyfIdJY1JDwI+nx02j269m6W414whiQz9qfvQIiLrdx71RQv+T48nHhuQXOCIQ=="
    }
  }
}
